
Microsoft Visual Studio Solution File, Format Version 12.00
# Visual Studio Version 17
VisualStudioVersion = 17.13.35818.85
MinimumVisualStudioVersion = 10.0.40219.1
Project("{FAE04EC0-301F-11D3-BF4B-00C04F79EFBC}") = "OOP_Projeleri_ve_Uygulamaları", "OOP_Projeleri_ve_Uygulamaları\OOP_Projeleri_ve_Uygulamaları.csproj", "{CF4DC19C-D8A6-43B4-A8E4-577FAF1DDCE4}"
EndProject
Project("{FAE04EC0-301F-11D3-BF4B-00C04F79EFBC}") = "Bötpro-1", "Bötpro-1\Bötpro-1.csproj", "{3E9A14A1-776C-465C-B2CE-05E3538EBCA7}"
EndProject
Project("{FAE04EC0-301F-11D3-BF4B-00C04F79EFBC}") = "Bötpro-2", "Bötpro-2\Bötpro-2.csproj", "{3133FA70-931E-4B56-9802-59968AE8731B}"
EndProject
Project("{FAE04EC0-301F-11D3-BF4B-00C04F79EFBC}") = "Bötpro-3", "Bötpro-3\Bötpro-3.csproj", "{7CC11736-3004-40B2-9317-9B3B32C3072D}"
EndProject
Project("{FAE04EC0-301F-11D3-BF4B-00C04F79EFBC}") = "Bötpro-4", "Bötpro-4\Bötpro-4.csproj", "{BAB5027D-933C-4387-AA7B-FF5415F3C136}"
EndProject
Project("{FAE04EC0-301F-11D3-BF4B-00C04F79EFBC}") = "Bötpro-5", "Bötpro-5\Bötpro-5.csproj", "{51E17542-66CB-4E9F-A6CA-9651ED3F70F0}"
EndProject
Project("{FAE04EC0-301F-11D3-BF4B-00C04F79EFBC}") = "Bötpro-6", "Bötpro-6\Bötpro-6.csproj", "{28EB58C9-F874-4049-AD67-2F502C5BC0A3}"
EndProject
Project("{FAE04EC0-301F-11D3-BF4B-00C04F79EFBC}") = "Bötpro-7", "Börtpro-7\Bötpro-7.csproj", "{11E1ECE4-D76F-4831-821A-30DFCB24E6DF}"
EndProject
Project("{FAE04EC0-301F-11D3-BF4B-00C04F79EFBC}") = "Bötpro-8", "Bötpro-8\Bötpro-8.csproj", "{6007080B-2E5B-4F4B-8963-12E0B89A04F7}"
EndProject
Project("{FAE04EC0-301F-11D3-BF4B-00C04F79EFBC}") = "Bötpro-9", "Bötpro-9\Bötpro-9.csproj", "{FAD220D0-8755-4F37-B420-48E95046D700}"
EndProject
Project("{FAE04EC0-301F-11D3-BF4B-00C04F79EFBC}") = "Bötpro-10", "Bötpro-10\Bötpro-10.csproj", "{358A4A5A-73C6-4CD9-972B-8BEBB67BDB4E}"
EndProject
Project("{FAE04EC0-301F-11D3-BF4B-00C04F79EFBC}") = "Bötpro-11", "Bötpro-11\Bötpro-11.csproj", "{DDC9BD06-950A-4B63-8F06-667D78896D2C}"
EndProject
Project("{FAE04EC0-301F-11D3-BF4B-00C04F79EFBC}") = "Bötpro-12", "Bötpro-12\Bötpro-12.csproj", "{DB5B7A2C-647A-4E24-AEC7-AFF32189901E}"
EndProject
Project("{FAE04EC0-301F-11D3-BF4B-00C04F79EFBC}") = "Bötpro-13", "Bötpro-13\Bötpro-13.csproj", "{92F795FF-7FC5-4DC5-BD9A-3B9D9F373B60}"
EndProject
Project("{FAE04EC0-301F-11D3-BF4B-00C04F79EFBC}") = "Bötpro-14", "Bötpro-14\Bötpro-14.csproj", "{A7A798B3-BE39-46A4-9D11-60F1D3777946}"
EndProject
Project("{FAE04EC0-301F-11D3-BF4B-00C04F79EFBC}") = "Bötpro-15", "Bötpro-15\Bötpro-15.csproj", "{911C8471-172C-4C1C-93BC-C7FEAC9D08DD}"
EndProject
Project("{FAE04EC0-301F-11D3-BF4B-00C04F79EFBC}") = "Bötpro-16", "Bötpro-16\Bötpro-16.csproj", "{9F6D86AE-62C8-4FDE-9E0A-F63F840F6F6D}"
EndProject
Project("{FAE04EC0-301F-11D3-BF4B-00C04F79EFBC}") = "Bötpro-17", "Bötpro-17\Bötpro-17.csproj", "{F81486F2-6D86-4E38-AF51-3E954EFBBD14}"
EndProject
Project("{FAE04EC0-301F-11D3-BF4B-00C04F79EFBC}") = "Bötpro-18", "Bötpro-18\Bötpro-18.csproj", "{81DDB879-71A8-4305-80E8-B4E1057C1216}"
EndProject
Project("{FAE04EC0-301F-11D3-BF4B-00C04F79EFBC}") = "B-1_ÇALIŞMA_PROGRAMI", "B-1_ÇALIŞMA_PROGRAMI\B-1_ÇALIŞMA_PROGRAMI.csproj", "{8898D005-4D6C-40DE-9DE7-4E71DE30F7F6}"
EndProject
Project("{FAE04EC0-301F-11D3-BF4B-00C04F79EFBC}") = "Bötpro-19", "Bötpro-19\Bötpro-19.csproj", "{95C7176B-686C-48F5-B707-F9B6F7271A33}"
EndProject
Project("{FAE04EC0-301F-11D3-BF4B-00C04F79EFBC}") = "AspireApp1.AppHost", "AspireApp1\AspireApp1.AppHost\AspireApp1.AppHost.csproj", "{D4507FBB-374E-4589-A63F-3A7FA5438ECC}"
EndProject
Project("{FAE04EC0-301F-11D3-BF4B-00C04F79EFBC}") = "AspireApp1.ServiceDefaults", "AspireApp1\AspireApp1.ServiceDefaults\AspireApp1.ServiceDefaults.csproj", "{F9222B91-99B7-2420-265D-E51F0CE78C78}"
EndProject
Project("{FAE04EC0-301F-11D3-BF4B-00C04F79EFBC}") = "Bötpro-20", "Bötpro-20\Bötpro-20.csproj", "{61DDA40E-6463-4569-8588-4B288B49FCFC}"
EndProject
Project("{FAE04EC0-301F-11D3-BF4B-00C04F79EFBC}") = "Bötpro-21", "Bötpro-21\Bötpro-21.csproj", "{64C52A75-23BC-4E07-89F4-8108746E7CB9}"
EndProject
Project("{FAE04EC0-301F-11D3-BF4B-00C04F79EFBC}") = "Bötpro-22", "Bötpro-22\Bötpro-22.csproj", "{D3DFA33D-E604-4C30-AE77-611FDC591BF5}"
EndProject
Project("{FAE04EC0-301F-11D3-BF4B-00C04F79EFBC}") = "Bötpro-23", "Bötpro-23\Bötpro-23.csproj", "{C98B0E5D-5FCA-49BA-ACA8-AC21F3386185}"
EndProject
Project("{FAE04EC0-301F-11D3-BF4B-00C04F79EFBC}") = "Bötpro-24", "Bötpro-24\Bötpro-24.csproj", "{732829DA-70B6-4794-A187-B27196A3898D}"
EndProject
Project("{FAE04EC0-301F-11D3-BF4B-00C04F79EFBC}") = "Bötpro-25", "bötpro-25\Bötpro-25.csproj", "{F7F6E21C-6348-4A65-BF87-504CCDE982C3}"
EndProject
Project("{FAE04EC0-301F-11D3-BF4B-00C04F79EFBC}") = "Bötpro-26", "Bötpro-26\Bötpro-26.csproj", "{6DE1FA23-6846-47AB-B804-9232058BC224}"
EndProject
Project("{FAE04EC0-301F-11D3-BF4B-00C04F79EFBC}") = "bötpro-27", "bötpro-28\bötpro-27.csproj", "{C2421965-E9B9-4A6A-A0CC-212995C7AFCF}"
EndProject
Project("{FAE04EC0-301F-11D3-BF4B-00C04F79EFBC}") = "Bötpro-29", "Bötpro-29\Bötpro-29.csproj", "{B7E4D973-A04F-4889-891A-0EBBD4D88C62}"
EndProject
Project("{FAE04EC0-301F-11D3-BF4B-00C04F79EFBC}") = "Bötpro-30", "Bötpro-30\Bötpro-30.csproj", "{4A75670A-4C9E-4618-A257-B90688C68696}"
EndProject
Project("{FAE04EC0-301F-11D3-BF4B-00C04F79EFBC}") = "Bötpro-31", "Bötpro-31\Bötpro-31.csproj", "{755E4F67-A4A1-4B04-88A3-9180906C32B4}"
EndProject
Project("{FAE04EC0-301F-11D3-BF4B-00C04F79EFBC}") = "Bötpro-32", "Bötpro-32\Bötpro-32.csproj", "{618FFF00-6D02-450D-84C3-55DBD32E4E9B}"
EndProject
Project("{FAE04EC0-301F-11D3-BF4B-00C04F79EFBC}") = "Bötpro-33", "Bötpro-33\Bötpro-33.csproj", "{909A8467-01C0-4B16-A7D8-1171C18DF176}"
EndProject
Project("{FAE04EC0-301F-11D3-BF4B-00C04F79EFBC}") = "Bötpro-34", "Bötpro-34\Bötpro-34.csproj", "{E1318ABD-7AD5-443B-8B68-7F9A0465F508}"
EndProject
Project("{FAE04EC0-301F-11D3-BF4B-00C04F79EFBC}") = "Bötpro-35", "Bötpro-35\Bötpro-35.csproj", "{EADAF985-DB04-408C-9A8B-B1BA2944BCF7}"
EndProject
Project("{FAE04EC0-301F-11D3-BF4B-00C04F79EFBC}") = "Bötpro-36", "Bötpro-36\Bötpro-36.csproj", "{E4E2C64E-8EA5-4434-831F-1FF732F89F2F}"
EndProject
Project("{FAE04EC0-301F-11D3-BF4B-00C04F79EFBC}") = "Bötpro-37", "Bötpro-37\Bötpro-37.csproj", "{9819D755-16F7-43E6-A8D2-2B8E408A8E2A}"
EndProject
Project("{FAE04EC0-301F-11D3-BF4B-00C04F79EFBC}") = "Bötpro-38", "Bötpro-38\Bötpro-38.csproj", "{92B5A27F-CF78-487F-BD0F-BAD37099551D}"
EndProject
Project("{FAE04EC0-301F-11D3-BF4B-00C04F79EFBC}") = "Bötpro-39", "Bötpro-39\Bötpro-39.csproj", "{2B741D5C-0546-441A-B987-6A35EA025EF7}"
EndProject
Project("{FAE04EC0-301F-11D3-BF4B-00C04F79EFBC}") = "Bötpro-40", "Bötpro-40\Bötpro-40.csproj", "{17BB4A7D-51B4-4DCD-B7A5-6DCE12141A98}"
EndProject
Project("{FAE04EC0-301F-11D3-BF4B-00C04F79EFBC}") = "Bötpro-41", "Bötpro-41\Bötpro-41.csproj", "{383AF0DB-7F39-421B-9884-BB2E18685F67}"
EndProject
Project("{FAE04EC0-301F-11D3-BF4B-00C04F79EFBC}") = "Bötpro-42", "Bötpro-42\Bötpro-42.csproj", "{CB0718D2-7A5D-4BF6-9FD2-64BFE9A0F03C}"
EndProject
Project("{FAE04EC0-301F-11D3-BF4B-00C04F79EFBC}") = "Bötpro-43", "Bötpro-43\Bötpro-43.csproj", "{6B5439FE-D46C-43F7-9769-61404165E268}"
EndProject
Project("{FAE04EC0-301F-11D3-BF4B-00C04F79EFBC}") = "Bötpro-44", "Bötpro-44\Bötpro-44.csproj", "{98B4D3CF-E66D-425B-986D-3E444C6CDE7E}"
EndProject
Project("{FAE04EC0-301F-11D3-BF4B-00C04F79EFBC}") = "Bötpro-45", "Bötpro-45\Bötpro-45.csproj", "{7FD44021-6517-4EC5-84C2-8625CCC29461}"
EndProject
Project("{FAE04EC0-301F-11D3-BF4B-00C04F79EFBC}") = "A-3_test", "A-3_test\A-3_test.csproj", "{5341A474-BAD5-4C66-83B2-AF818E65886E}"
EndProject
Project("{FAE04EC0-301F-11D3-BF4B-00C04F79EFBC}") = "Bötpro-46", "Bötpro-46\Bötpro-46.csproj", "{9F6A49AE-F450-4B66-8E9C-D9CD66E57254}"
EndProject
Project("{FAE04EC0-301F-11D3-BF4B-00C04F79EFBC}") = "Bötpro-47", "Bötpro-47\Bötpro-47.csproj", "{DBD03466-91BD-455E-97B8-4C07848908CA}"
EndProject
Project("{FAE04EC0-301F-11D3-BF4B-00C04F79EFBC}") = "Bötpro-48", "Bötpro-48\Bötpro-48.csproj", "{709C8A5E-B02F-4A29-A6EE-8534577076CD}"
EndProject
Project("{FAE04EC0-301F-11D3-BF4B-00C04F79EFBC}") = "Bötpro-49", "Bötpro-49\Bötpro-49.csproj", "{14F78B82-8D89-46F5-913A-DD27693588DB}"
EndProject
Project("{FAE04EC0-301F-11D3-BF4B-00C04F79EFBC}") = "Bötpro-50", "Bötpro-50\Bötpro-50.csproj", "{EDE525ED-851D-4AA2-8B8B-F37FAE19BA06}"
EndProject
Project("{FAE04EC0-301F-11D3-BF4B-00C04F79EFBC}") = "Bötpro-51", "Bötpro-51\Bötpro-51.csproj", "{A67BAA20-FC71-4DD9-96CC-DDC3606A9A2D}"
EndProject
Project("{FAE04EC0-301F-11D3-BF4B-00C04F79EFBC}") = "Bötpro-52", "Bötpro-52\Bötpro-52.csproj", "{49B8E363-8B02-4CBA-9BE8-B7F7D40F5B89}"
EndProject
Project("{FAE04EC0-301F-11D3-BF4B-00C04F79EFBC}") = "Bötpro-53", "Bötpro-53\Bötpro-53.csproj", "{87EF8794-6AD4-4E08-B34D-B2BF21E9A658}"
EndProject
Project("{FAE04EC0-301F-11D3-BF4B-00C04F79EFBC}") = "Bötpro-54", "Bötpro-54\Bötpro-54.csproj", "{763D3B16-1626-4888-ADF4-BDDF8018D341}"
EndProject
Project("{FAE04EC0-301F-11D3-BF4B-00C04F79EFBC}") = "Bötpro-55", "Bötpro-55\Bötpro-55.csproj", "{5D76E9DB-7C0A-4CEE-9AD0-9230FE74DB40}"
EndProject
Project("{FAE04EC0-301F-11D3-BF4B-00C04F79EFBC}") = "Bötpro-56", "Bötpro-56\Bötpro-56.csproj", "{7676A25A-CAEC-408B-B092-C92A5FDAE194}"
EndProject
Project("{FAE04EC0-301F-11D3-BF4B-00C04F79EFBC}") = "bötpro-57", "bötpro-57\bötpro-57.csproj", "{4F1AD150-5F33-4044-8BAC-BF7B76F7F021}"
EndProject
Project("{FAE04EC0-301F-11D3-BF4B-00C04F79EFBC}") = "Bötpro-58", "Bötpro-58\Bötpro-58.csproj", "{80A91BF7-5733-43BD-AED3-34C3368CFA38}"
EndProject
Project("{FAE04EC0-301F-11D3-BF4B-00C04F79EFBC}") = "Bötpro-59", "Bötpro-59\Bötpro-59.csproj", "{DFD91D46-0D1C-4F63-AEDC-A33C8E94AF6E}"
EndProject
Project("{FAE04EC0-301F-11D3-BF4B-00C04F79EFBC}") = "Bötpro-60", "Bötpro-60\Bötpro-60.csproj", "{2FF4DD73-8A6A-4DA4-8599-3DE9FADE73A6}"
EndProject
Project("{FAE04EC0-301F-11D3-BF4B-00C04F79EFBC}") = "Bötpro-61", "Bötpro-61\Bötpro-61.csproj", "{18AFBF4E-CD0E-4AD8-B05C-5331478430EE}"
EndProject
Project("{FAE04EC0-301F-11D3-BF4B-00C04F79EFBC}") = "Bötpro-62", "Bötpro-62\Bötpro-62.csproj", "{0CF2D3F9-3BAE-449B-99A3-A62CB07369F8}"
EndProject
Project("{FAE04EC0-301F-11D3-BF4B-00C04F79EFBC}") = "Bötpro-63", "Bötpro-63\Bötpro-63.csproj", "{90AD7B8A-5F7E-456F-9C29-FBB7065009CF}"
EndProject
Project("{FAE04EC0-301F-11D3-BF4B-00C04F79EFBC}") = "Bötpro-64", "Bötpro-64\Bötpro-64.csproj", "{72394F23-C6AA-480C-94FD-09DBF9BD3A70}"
EndProject
Project("{FAE04EC0-301F-11D3-BF4B-00C04F79EFBC}") = "Bötpro-65", "Bötpro-65\Bötpro-65.csproj", "{49DDCE34-C535-442F-B372-AEA15AA9B232}"
EndProject
Project("{FAE04EC0-301F-11D3-BF4B-00C04F79EFBC}") = "Bötpro-66", "Bötpro-66\Bötpro-66.csproj", "{AA27D9AB-637D-458C-BBC3-3A4930043F38}"
EndProject
Project("{FAE04EC0-301F-11D3-BF4B-00C04F79EFBC}") = "Bötpro-67", "Bötpro-67\Bötpro-67.csproj", "{5B5DD8D5-5D60-4192-9201-E63210CB2BA7}"
EndProject
Project("{FAE04EC0-301F-11D3-BF4B-00C04F79EFBC}") = "Bötpro-68", "Bötpro-68\Bötpro-68.csproj", "{6B393D80-7DF3-44C9-81F6-345E7FBA2031}"
EndProject
Project("{FAE04EC0-301F-11D3-BF4B-00C04F79EFBC}") = "Bötpro-69", "Bötpro-69\Bötpro-69.csproj", "{E2E294F7-0AE1-4E8B-AD79-338957098779}"
EndProject
Project("{FAE04EC0-301F-11D3-BF4B-00C04F79EFBC}") = "Bötpro-70", "Bötpro-70\Bötpro-70.csproj", "{161B1631-9465-4A97-AA25-21C4CA2BAF15}"
EndProject
Project("{FAE04EC0-301F-11D3-BF4B-00C04F79EFBC}") = "Bötpro-71", "Bötpro-71\Bötpro-71.csproj", "{393022DD-D495-41F9-8E69-68110F832BA6}"
EndProject
Project("{FAE04EC0-301F-11D3-BF4B-00C04F79EFBC}") = "Bötpro-72", "Bötpro-72\Bötpro-72.csproj", "{6ECC0741-8AFA-4339-9D55-65720545E15C}"
EndProject
Project("{FAE04EC0-301F-11D3-BF4B-00C04F79EFBC}") = "Bötpro-73", "Bötpro-73\Bötpro-73.csproj", "{BCB82354-93FF-4D04-BB8A-F7FF53FE54CC}"
EndProject
Project("{FAE04EC0-301F-11D3-BF4B-00C04F79EFBC}") = "Bötpro-74", "Bötpro-74\Bötpro-74.csproj", "{35340A6C-5AF1-4BBA-A59F-D1DDEEE6F2DB}"
EndProject
Project("{FAE04EC0-301F-11D3-BF4B-00C04F79EFBC}") = "Bötpro-75", "Bötpro-75\Bötpro-75.csproj", "{B03FAFA3-CC4C-43C4-8ECF-FC71CF6157CC}"
EndProject
Project("{FAE04EC0-301F-11D3-BF4B-00C04F79EFBC}") = "Bötpro-76", "Bötpro-76\Bötpro-76.csproj", "{1F8BD0D4-ECA1-4AA6-9E53-ACFF22215D72}"
EndProject
Global
	GlobalSection(SolutionConfigurationPlatforms) = preSolution
		Debug|Any CPU = Debug|Any CPU
		Release|Any CPU = Release|Any CPU
	EndGlobalSection
	GlobalSection(ProjectConfigurationPlatforms) = postSolution
		{CF4DC19C-D8A6-43B4-A8E4-577FAF1DDCE4}.Debug|Any CPU.ActiveCfg = Debug|Any CPU
		{CF4DC19C-D8A6-43B4-A8E4-577FAF1DDCE4}.Debug|Any CPU.Build.0 = Debug|Any CPU
		{CF4DC19C-D8A6-43B4-A8E4-577FAF1DDCE4}.Release|Any CPU.ActiveCfg = Release|Any CPU
		{CF4DC19C-D8A6-43B4-A8E4-577FAF1DDCE4}.Release|Any CPU.Build.0 = Release|Any CPU
		{3E9A14A1-776C-465C-B2CE-05E3538EBCA7}.Debug|Any CPU.ActiveCfg = Debug|Any CPU
		{3E9A14A1-776C-465C-B2CE-05E3538EBCA7}.Debug|Any CPU.Build.0 = Debug|Any CPU
		{3E9A14A1-776C-465C-B2CE-05E3538EBCA7}.Release|Any CPU.ActiveCfg = Release|Any CPU
		{3E9A14A1-776C-465C-B2CE-05E3538EBCA7}.Release|Any CPU.Build.0 = Release|Any CPU
		{3133FA70-931E-4B56-9802-59968AE8731B}.Debug|Any CPU.ActiveCfg = Debug|Any CPU
		{3133FA70-931E-4B56-9802-59968AE8731B}.Debug|Any CPU.Build.0 = Debug|Any CPU
		{3133FA70-931E-4B56-9802-59968AE8731B}.Release|Any CPU.ActiveCfg = Release|Any CPU
		{3133FA70-931E-4B56-9802-59968AE8731B}.Release|Any CPU.Build.0 = Release|Any CPU
		{7CC11736-3004-40B2-9317-9B3B32C3072D}.Debug|Any CPU.ActiveCfg = Debug|Any CPU
		{7CC11736-3004-40B2-9317-9B3B32C3072D}.Debug|Any CPU.Build.0 = Debug|Any CPU
		{7CC11736-3004-40B2-9317-9B3B32C3072D}.Release|Any CPU.ActiveCfg = Release|Any CPU
		{7CC11736-3004-40B2-9317-9B3B32C3072D}.Release|Any CPU.Build.0 = Release|Any CPU
		{BAB5027D-933C-4387-AA7B-FF5415F3C136}.Debug|Any CPU.ActiveCfg = Debug|Any CPU
		{BAB5027D-933C-4387-AA7B-FF5415F3C136}.Debug|Any CPU.Build.0 = Debug|Any CPU
		{BAB5027D-933C-4387-AA7B-FF5415F3C136}.Release|Any CPU.ActiveCfg = Release|Any CPU
		{BAB5027D-933C-4387-AA7B-FF5415F3C136}.Release|Any CPU.Build.0 = Release|Any CPU
		{51E17542-66CB-4E9F-A6CA-9651ED3F70F0}.Debug|Any CPU.ActiveCfg = Debug|Any CPU
		{51E17542-66CB-4E9F-A6CA-9651ED3F70F0}.Debug|Any CPU.Build.0 = Debug|Any CPU
		{51E17542-66CB-4E9F-A6CA-9651ED3F70F0}.Release|Any CPU.ActiveCfg = Release|Any CPU
		{51E17542-66CB-4E9F-A6CA-9651ED3F70F0}.Release|Any CPU.Build.0 = Release|Any CPU
		{28EB58C9-F874-4049-AD67-2F502C5BC0A3}.Debug|Any CPU.ActiveCfg = Debug|Any CPU
		{28EB58C9-F874-4049-AD67-2F502C5BC0A3}.Debug|Any CPU.Build.0 = Debug|Any CPU
		{28EB58C9-F874-4049-AD67-2F502C5BC0A3}.Release|Any CPU.ActiveCfg = Release|Any CPU
		{28EB58C9-F874-4049-AD67-2F502C5BC0A3}.Release|Any CPU.Build.0 = Release|Any CPU
		{11E1ECE4-D76F-4831-821A-30DFCB24E6DF}.Debug|Any CPU.ActiveCfg = Debug|Any CPU
		{11E1ECE4-D76F-4831-821A-30DFCB24E6DF}.Debug|Any CPU.Build.0 = Debug|Any CPU
		{11E1ECE4-D76F-4831-821A-30DFCB24E6DF}.Release|Any CPU.ActiveCfg = Release|Any CPU
		{11E1ECE4-D76F-4831-821A-30DFCB24E6DF}.Release|Any CPU.Build.0 = Release|Any CPU
		{6007080B-2E5B-4F4B-8963-12E0B89A04F7}.Debug|Any CPU.ActiveCfg = Debug|Any CPU
		{6007080B-2E5B-4F4B-8963-12E0B89A04F7}.Debug|Any CPU.Build.0 = Debug|Any CPU
		{6007080B-2E5B-4F4B-8963-12E0B89A04F7}.Release|Any CPU.ActiveCfg = Release|Any CPU
		{6007080B-2E5B-4F4B-8963-12E0B89A04F7}.Release|Any CPU.Build.0 = Release|Any CPU
		{FAD220D0-8755-4F37-B420-48E95046D700}.Debug|Any CPU.ActiveCfg = Debug|Any CPU
		{FAD220D0-8755-4F37-B420-48E95046D700}.Debug|Any CPU.Build.0 = Debug|Any CPU
		{FAD220D0-8755-4F37-B420-48E95046D700}.Release|Any CPU.ActiveCfg = Release|Any CPU
		{FAD220D0-8755-4F37-B420-48E95046D700}.Release|Any CPU.Build.0 = Release|Any CPU
		{358A4A5A-73C6-4CD9-972B-8BEBB67BDB4E}.Debug|Any CPU.ActiveCfg = Debug|Any CPU
		{358A4A5A-73C6-4CD9-972B-8BEBB67BDB4E}.Debug|Any CPU.Build.0 = Debug|Any CPU
		{358A4A5A-73C6-4CD9-972B-8BEBB67BDB4E}.Release|Any CPU.ActiveCfg = Release|Any CPU
		{358A4A5A-73C6-4CD9-972B-8BEBB67BDB4E}.Release|Any CPU.Build.0 = Release|Any CPU
		{DDC9BD06-950A-4B63-8F06-667D78896D2C}.Debug|Any CPU.ActiveCfg = Debug|Any CPU
		{DDC9BD06-950A-4B63-8F06-667D78896D2C}.Debug|Any CPU.Build.0 = Debug|Any CPU
		{DDC9BD06-950A-4B63-8F06-667D78896D2C}.Release|Any CPU.ActiveCfg = Release|Any CPU
		{DDC9BD06-950A-4B63-8F06-667D78896D2C}.Release|Any CPU.Build.0 = Release|Any CPU
		{DB5B7A2C-647A-4E24-AEC7-AFF32189901E}.Debug|Any CPU.ActiveCfg = Debug|Any CPU
		{DB5B7A2C-647A-4E24-AEC7-AFF32189901E}.Debug|Any CPU.Build.0 = Debug|Any CPU
		{DB5B7A2C-647A-4E24-AEC7-AFF32189901E}.Release|Any CPU.ActiveCfg = Release|Any CPU
		{DB5B7A2C-647A-4E24-AEC7-AFF32189901E}.Release|Any CPU.Build.0 = Release|Any CPU
		{92F795FF-7FC5-4DC5-BD9A-3B9D9F373B60}.Debug|Any CPU.ActiveCfg = Debug|Any CPU
		{92F795FF-7FC5-4DC5-BD9A-3B9D9F373B60}.Debug|Any CPU.Build.0 = Debug|Any CPU
		{92F795FF-7FC5-4DC5-BD9A-3B9D9F373B60}.Release|Any CPU.ActiveCfg = Release|Any CPU
		{92F795FF-7FC5-4DC5-BD9A-3B9D9F373B60}.Release|Any CPU.Build.0 = Release|Any CPU
		{A7A798B3-BE39-46A4-9D11-60F1D3777946}.Debug|Any CPU.ActiveCfg = Debug|Any CPU
		{A7A798B3-BE39-46A4-9D11-60F1D3777946}.Debug|Any CPU.Build.0 = Debug|Any CPU
		{A7A798B3-BE39-46A4-9D11-60F1D3777946}.Release|Any CPU.ActiveCfg = Release|Any CPU
		{A7A798B3-BE39-46A4-9D11-60F1D3777946}.Release|Any CPU.Build.0 = Release|Any CPU
		{911C8471-172C-4C1C-93BC-C7FEAC9D08DD}.Debug|Any CPU.ActiveCfg = Debug|Any CPU
		{911C8471-172C-4C1C-93BC-C7FEAC9D08DD}.Debug|Any CPU.Build.0 = Debug|Any CPU
		{911C8471-172C-4C1C-93BC-C7FEAC9D08DD}.Release|Any CPU.ActiveCfg = Release|Any CPU
		{911C8471-172C-4C1C-93BC-C7FEAC9D08DD}.Release|Any CPU.Build.0 = Release|Any CPU
		{9F6D86AE-62C8-4FDE-9E0A-F63F840F6F6D}.Debug|Any CPU.ActiveCfg = Debug|Any CPU
		{9F6D86AE-62C8-4FDE-9E0A-F63F840F6F6D}.Debug|Any CPU.Build.0 = Debug|Any CPU
		{9F6D86AE-62C8-4FDE-9E0A-F63F840F6F6D}.Release|Any CPU.ActiveCfg = Release|Any CPU
		{9F6D86AE-62C8-4FDE-9E0A-F63F840F6F6D}.Release|Any CPU.Build.0 = Release|Any CPU
		{F81486F2-6D86-4E38-AF51-3E954EFBBD14}.Debug|Any CPU.ActiveCfg = Debug|Any CPU
		{F81486F2-6D86-4E38-AF51-3E954EFBBD14}.Debug|Any CPU.Build.0 = Debug|Any CPU
		{F81486F2-6D86-4E38-AF51-3E954EFBBD14}.Release|Any CPU.ActiveCfg = Release|Any CPU
		{F81486F2-6D86-4E38-AF51-3E954EFBBD14}.Release|Any CPU.Build.0 = Release|Any CPU
		{81DDB879-71A8-4305-80E8-B4E1057C1216}.Debug|Any CPU.ActiveCfg = Debug|Any CPU
		{81DDB879-71A8-4305-80E8-B4E1057C1216}.Debug|Any CPU.Build.0 = Debug|Any CPU
		{81DDB879-71A8-4305-80E8-B4E1057C1216}.Release|Any CPU.ActiveCfg = Release|Any CPU
		{81DDB879-71A8-4305-80E8-B4E1057C1216}.Release|Any CPU.Build.0 = Release|Any CPU
		{8898D005-4D6C-40DE-9DE7-4E71DE30F7F6}.Debug|Any CPU.ActiveCfg = Debug|Any CPU
		{8898D005-4D6C-40DE-9DE7-4E71DE30F7F6}.Debug|Any CPU.Build.0 = Debug|Any CPU
		{8898D005-4D6C-40DE-9DE7-4E71DE30F7F6}.Release|Any CPU.ActiveCfg = Release|Any CPU
		{8898D005-4D6C-40DE-9DE7-4E71DE30F7F6}.Release|Any CPU.Build.0 = Release|Any CPU
		{95C7176B-686C-48F5-B707-F9B6F7271A33}.Debug|Any CPU.ActiveCfg = Debug|Any CPU
		{95C7176B-686C-48F5-B707-F9B6F7271A33}.Debug|Any CPU.Build.0 = Debug|Any CPU
		{95C7176B-686C-48F5-B707-F9B6F7271A33}.Release|Any CPU.ActiveCfg = Release|Any CPU
		{95C7176B-686C-48F5-B707-F9B6F7271A33}.Release|Any CPU.Build.0 = Release|Any CPU
		{D4507FBB-374E-4589-A63F-3A7FA5438ECC}.Debug|Any CPU.ActiveCfg = Debug|Any CPU
		{D4507FBB-374E-4589-A63F-3A7FA5438ECC}.Debug|Any CPU.Build.0 = Debug|Any CPU
		{D4507FBB-374E-4589-A63F-3A7FA5438ECC}.Release|Any CPU.ActiveCfg = Release|Any CPU
		{D4507FBB-374E-4589-A63F-3A7FA5438ECC}.Release|Any CPU.Build.0 = Release|Any CPU
		{F9222B91-99B7-2420-265D-E51F0CE78C78}.Debug|Any CPU.ActiveCfg = Debug|Any CPU
		{F9222B91-99B7-2420-265D-E51F0CE78C78}.Debug|Any CPU.Build.0 = Debug|Any CPU
		{F9222B91-99B7-2420-265D-E51F0CE78C78}.Release|Any CPU.ActiveCfg = Release|Any CPU
		{F9222B91-99B7-2420-265D-E51F0CE78C78}.Release|Any CPU.Build.0 = Release|Any CPU
		{61DDA40E-6463-4569-8588-4B288B49FCFC}.Debug|Any CPU.ActiveCfg = Debug|Any CPU
		{61DDA40E-6463-4569-8588-4B288B49FCFC}.Debug|Any CPU.Build.0 = Debug|Any CPU
		{61DDA40E-6463-4569-8588-4B288B49FCFC}.Release|Any CPU.ActiveCfg = Release|Any CPU
		{61DDA40E-6463-4569-8588-4B288B49FCFC}.Release|Any CPU.Build.0 = Release|Any CPU
		{64C52A75-23BC-4E07-89F4-8108746E7CB9}.Debug|Any CPU.ActiveCfg = Debug|Any CPU
		{64C52A75-23BC-4E07-89F4-8108746E7CB9}.Debug|Any CPU.Build.0 = Debug|Any CPU
		{64C52A75-23BC-4E07-89F4-8108746E7CB9}.Release|Any CPU.ActiveCfg = Release|Any CPU
		{64C52A75-23BC-4E07-89F4-8108746E7CB9}.Release|Any CPU.Build.0 = Release|Any CPU
		{D3DFA33D-E604-4C30-AE77-611FDC591BF5}.Debug|Any CPU.ActiveCfg = Debug|Any CPU
		{D3DFA33D-E604-4C30-AE77-611FDC591BF5}.Debug|Any CPU.Build.0 = Debug|Any CPU
		{D3DFA33D-E604-4C30-AE77-611FDC591BF5}.Release|Any CPU.ActiveCfg = Release|Any CPU
		{D3DFA33D-E604-4C30-AE77-611FDC591BF5}.Release|Any CPU.Build.0 = Release|Any CPU
		{C98B0E5D-5FCA-49BA-ACA8-AC21F3386185}.Debug|Any CPU.ActiveCfg = Debug|Any CPU
		{C98B0E5D-5FCA-49BA-ACA8-AC21F3386185}.Debug|Any CPU.Build.0 = Debug|Any CPU
		{C98B0E5D-5FCA-49BA-ACA8-AC21F3386185}.Release|Any CPU.ActiveCfg = Release|Any CPU
		{C98B0E5D-5FCA-49BA-ACA8-AC21F3386185}.Release|Any CPU.Build.0 = Release|Any CPU
		{732829DA-70B6-4794-A187-B27196A3898D}.Debug|Any CPU.ActiveCfg = Debug|Any CPU
		{732829DA-70B6-4794-A187-B27196A3898D}.Debug|Any CPU.Build.0 = Debug|Any CPU
		{732829DA-70B6-4794-A187-B27196A3898D}.Release|Any CPU.ActiveCfg = Release|Any CPU
		{732829DA-70B6-4794-A187-B27196A3898D}.Release|Any CPU.Build.0 = Release|Any CPU
		{F7F6E21C-6348-4A65-BF87-504CCDE982C3}.Debug|Any CPU.ActiveCfg = Debug|Any CPU
		{F7F6E21C-6348-4A65-BF87-504CCDE982C3}.Debug|Any CPU.Build.0 = Debug|Any CPU
		{F7F6E21C-6348-4A65-BF87-504CCDE982C3}.Release|Any CPU.ActiveCfg = Release|Any CPU
		{F7F6E21C-6348-4A65-BF87-504CCDE982C3}.Release|Any CPU.Build.0 = Release|Any CPU
		{6DE1FA23-6846-47AB-B804-9232058BC224}.Debug|Any CPU.ActiveCfg = Debug|Any CPU
		{6DE1FA23-6846-47AB-B804-9232058BC224}.Debug|Any CPU.Build.0 = Debug|Any CPU
		{6DE1FA23-6846-47AB-B804-9232058BC224}.Release|Any CPU.ActiveCfg = Release|Any CPU
		{6DE1FA23-6846-47AB-B804-9232058BC224}.Release|Any CPU.Build.0 = Release|Any CPU
		{C2421965-E9B9-4A6A-A0CC-212995C7AFCF}.Debug|Any CPU.ActiveCfg = Debug|Any CPU
		{C2421965-E9B9-4A6A-A0CC-212995C7AFCF}.Debug|Any CPU.Build.0 = Debug|Any CPU
		{C2421965-E9B9-4A6A-A0CC-212995C7AFCF}.Release|Any CPU.ActiveCfg = Release|Any CPU
		{C2421965-E9B9-4A6A-A0CC-212995C7AFCF}.Release|Any CPU.Build.0 = Release|Any CPU
		{B7E4D973-A04F-4889-891A-0EBBD4D88C62}.Debug|Any CPU.ActiveCfg = Debug|Any CPU
		{B7E4D973-A04F-4889-891A-0EBBD4D88C62}.Debug|Any CPU.Build.0 = Debug|Any CPU
		{B7E4D973-A04F-4889-891A-0EBBD4D88C62}.Release|Any CPU.ActiveCfg = Release|Any CPU
		{B7E4D973-A04F-4889-891A-0EBBD4D88C62}.Release|Any CPU.Build.0 = Release|Any CPU
		{4A75670A-4C9E-4618-A257-B90688C68696}.Debug|Any CPU.ActiveCfg = Debug|Any CPU
		{4A75670A-4C9E-4618-A257-B90688C68696}.Debug|Any CPU.Build.0 = Debug|Any CPU
		{4A75670A-4C9E-4618-A257-B90688C68696}.Release|Any CPU.ActiveCfg = Release|Any CPU
		{4A75670A-4C9E-4618-A257-B90688C68696}.Release|Any CPU.Build.0 = Release|Any CPU
		{755E4F67-A4A1-4B04-88A3-9180906C32B4}.Debug|Any CPU.ActiveCfg = Debug|Any CPU
		{755E4F67-A4A1-4B04-88A3-9180906C32B4}.Debug|Any CPU.Build.0 = Debug|Any CPU
		{755E4F67-A4A1-4B04-88A3-9180906C32B4}.Release|Any CPU.ActiveCfg = Release|Any CPU
		{755E4F67-A4A1-4B04-88A3-9180906C32B4}.Release|Any CPU.Build.0 = Release|Any CPU
		{618FFF00-6D02-450D-84C3-55DBD32E4E9B}.Debug|Any CPU.ActiveCfg = Debug|Any CPU
		{618FFF00-6D02-450D-84C3-55DBD32E4E9B}.Debug|Any CPU.Build.0 = Debug|Any CPU
		{618FFF00-6D02-450D-84C3-55DBD32E4E9B}.Release|Any CPU.ActiveCfg = Release|Any CPU
		{618FFF00-6D02-450D-84C3-55DBD32E4E9B}.Release|Any CPU.Build.0 = Release|Any CPU
		{909A8467-01C0-4B16-A7D8-1171C18DF176}.Debug|Any CPU.ActiveCfg = Debug|Any CPU
		{909A8467-01C0-4B16-A7D8-1171C18DF176}.Debug|Any CPU.Build.0 = Debug|Any CPU
		{909A8467-01C0-4B16-A7D8-1171C18DF176}.Release|Any CPU.ActiveCfg = Release|Any CPU
		{909A8467-01C0-4B16-A7D8-1171C18DF176}.Release|Any CPU.Build.0 = Release|Any CPU
		{E1318ABD-7AD5-443B-8B68-7F9A0465F508}.Debug|Any CPU.ActiveCfg = Debug|Any CPU
		{E1318ABD-7AD5-443B-8B68-7F9A0465F508}.Debug|Any CPU.Build.0 = Debug|Any CPU
		{E1318ABD-7AD5-443B-8B68-7F9A0465F508}.Release|Any CPU.ActiveCfg = Release|Any CPU
		{E1318ABD-7AD5-443B-8B68-7F9A0465F508}.Release|Any CPU.Build.0 = Release|Any CPU
		{EADAF985-DB04-408C-9A8B-B1BA2944BCF7}.Debug|Any CPU.ActiveCfg = Debug|Any CPU
		{EADAF985-DB04-408C-9A8B-B1BA2944BCF7}.Debug|Any CPU.Build.0 = Debug|Any CPU
		{EADAF985-DB04-408C-9A8B-B1BA2944BCF7}.Release|Any CPU.ActiveCfg = Release|Any CPU
		{EADAF985-DB04-408C-9A8B-B1BA2944BCF7}.Release|Any CPU.Build.0 = Release|Any CPU
		{E4E2C64E-8EA5-4434-831F-1FF732F89F2F}.Debug|Any CPU.ActiveCfg = Debug|Any CPU
		{E4E2C64E-8EA5-4434-831F-1FF732F89F2F}.Debug|Any CPU.Build.0 = Debug|Any CPU
		{E4E2C64E-8EA5-4434-831F-1FF732F89F2F}.Release|Any CPU.ActiveCfg = Release|Any CPU
		{E4E2C64E-8EA5-4434-831F-1FF732F89F2F}.Release|Any CPU.Build.0 = Release|Any CPU
		{9819D755-16F7-43E6-A8D2-2B8E408A8E2A}.Debug|Any CPU.ActiveCfg = Debug|Any CPU
		{9819D755-16F7-43E6-A8D2-2B8E408A8E2A}.Debug|Any CPU.Build.0 = Debug|Any CPU
		{9819D755-16F7-43E6-A8D2-2B8E408A8E2A}.Release|Any CPU.ActiveCfg = Release|Any CPU
		{9819D755-16F7-43E6-A8D2-2B8E408A8E2A}.Release|Any CPU.Build.0 = Release|Any CPU
		{92B5A27F-CF78-487F-BD0F-BAD37099551D}.Debug|Any CPU.ActiveCfg = Debug|Any CPU
		{92B5A27F-CF78-487F-BD0F-BAD37099551D}.Debug|Any CPU.Build.0 = Debug|Any CPU
		{92B5A27F-CF78-487F-BD0F-BAD37099551D}.Release|Any CPU.ActiveCfg = Release|Any CPU
		{92B5A27F-CF78-487F-BD0F-BAD37099551D}.Release|Any CPU.Build.0 = Release|Any CPU
		{2B741D5C-0546-441A-B987-6A35EA025EF7}.Debug|Any CPU.ActiveCfg = Debug|Any CPU
		{2B741D5C-0546-441A-B987-6A35EA025EF7}.Debug|Any CPU.Build.0 = Debug|Any CPU
		{2B741D5C-0546-441A-B987-6A35EA025EF7}.Release|Any CPU.ActiveCfg = Release|Any CPU
		{2B741D5C-0546-441A-B987-6A35EA025EF7}.Release|Any CPU.Build.0 = Release|Any CPU
		{17BB4A7D-51B4-4DCD-B7A5-6DCE12141A98}.Debug|Any CPU.ActiveCfg = Debug|Any CPU
		{17BB4A7D-51B4-4DCD-B7A5-6DCE12141A98}.Debug|Any CPU.Build.0 = Debug|Any CPU
		{17BB4A7D-51B4-4DCD-B7A5-6DCE12141A98}.Release|Any CPU.ActiveCfg = Release|Any CPU
		{17BB4A7D-51B4-4DCD-B7A5-6DCE12141A98}.Release|Any CPU.Build.0 = Release|Any CPU
		{383AF0DB-7F39-421B-9884-BB2E18685F67}.Debug|Any CPU.ActiveCfg = Debug|Any CPU
		{383AF0DB-7F39-421B-9884-BB2E18685F67}.Debug|Any CPU.Build.0 = Debug|Any CPU
		{383AF0DB-7F39-421B-9884-BB2E18685F67}.Release|Any CPU.ActiveCfg = Release|Any CPU
		{383AF0DB-7F39-421B-9884-BB2E18685F67}.Release|Any CPU.Build.0 = Release|Any CPU
		{CB0718D2-7A5D-4BF6-9FD2-64BFE9A0F03C}.Debug|Any CPU.ActiveCfg = Debug|Any CPU
		{CB0718D2-7A5D-4BF6-9FD2-64BFE9A0F03C}.Debug|Any CPU.Build.0 = Debug|Any CPU
		{CB0718D2-7A5D-4BF6-9FD2-64BFE9A0F03C}.Release|Any CPU.ActiveCfg = Release|Any CPU
		{CB0718D2-7A5D-4BF6-9FD2-64BFE9A0F03C}.Release|Any CPU.Build.0 = Release|Any CPU
		{6B5439FE-D46C-43F7-9769-61404165E268}.Debug|Any CPU.ActiveCfg = Debug|Any CPU
		{6B5439FE-D46C-43F7-9769-61404165E268}.Debug|Any CPU.Build.0 = Debug|Any CPU
		{6B5439FE-D46C-43F7-9769-61404165E268}.Release|Any CPU.ActiveCfg = Release|Any CPU
		{6B5439FE-D46C-43F7-9769-61404165E268}.Release|Any CPU.Build.0 = Release|Any CPU
		{98B4D3CF-E66D-425B-986D-3E444C6CDE7E}.Debug|Any CPU.ActiveCfg = Debug|Any CPU
		{98B4D3CF-E66D-425B-986D-3E444C6CDE7E}.Debug|Any CPU.Build.0 = Debug|Any CPU
		{98B4D3CF-E66D-425B-986D-3E444C6CDE7E}.Release|Any CPU.ActiveCfg = Release|Any CPU
		{98B4D3CF-E66D-425B-986D-3E444C6CDE7E}.Release|Any CPU.Build.0 = Release|Any CPU
		{7FD44021-6517-4EC5-84C2-8625CCC29461}.Debug|Any CPU.ActiveCfg = Debug|Any CPU
		{7FD44021-6517-4EC5-84C2-8625CCC29461}.Debug|Any CPU.Build.0 = Debug|Any CPU
		{7FD44021-6517-4EC5-84C2-8625CCC29461}.Release|Any CPU.ActiveCfg = Release|Any CPU
		{7FD44021-6517-4EC5-84C2-8625CCC29461}.Release|Any CPU.Build.0 = Release|Any CPU
		{5341A474-BAD5-4C66-83B2-AF818E65886E}.Debug|Any CPU.ActiveCfg = Debug|Any CPU
		{5341A474-BAD5-4C66-83B2-AF818E65886E}.Debug|Any CPU.Build.0 = Debug|Any CPU
		{5341A474-BAD5-4C66-83B2-AF818E65886E}.Release|Any CPU.ActiveCfg = Release|Any CPU
		{5341A474-BAD5-4C66-83B2-AF818E65886E}.Release|Any CPU.Build.0 = Release|Any CPU
		{9F6A49AE-F450-4B66-8E9C-D9CD66E57254}.Debug|Any CPU.ActiveCfg = Debug|Any CPU
		{9F6A49AE-F450-4B66-8E9C-D9CD66E57254}.Debug|Any CPU.Build.0 = Debug|Any CPU
		{9F6A49AE-F450-4B66-8E9C-D9CD66E57254}.Release|Any CPU.ActiveCfg = Release|Any CPU
		{9F6A49AE-F450-4B66-8E9C-D9CD66E57254}.Release|Any CPU.Build.0 = Release|Any CPU
		{DBD03466-91BD-455E-97B8-4C07848908CA}.Debug|Any CPU.ActiveCfg = Debug|Any CPU
		{DBD03466-91BD-455E-97B8-4C07848908CA}.Debug|Any CPU.Build.0 = Debug|Any CPU
		{DBD03466-91BD-455E-97B8-4C07848908CA}.Release|Any CPU.ActiveCfg = Release|Any CPU
		{DBD03466-91BD-455E-97B8-4C07848908CA}.Release|Any CPU.Build.0 = Release|Any CPU
		{709C8A5E-B02F-4A29-A6EE-8534577076CD}.Debug|Any CPU.ActiveCfg = Debug|Any CPU
		{709C8A5E-B02F-4A29-A6EE-8534577076CD}.Debug|Any CPU.Build.0 = Debug|Any CPU
		{709C8A5E-B02F-4A29-A6EE-8534577076CD}.Release|Any CPU.ActiveCfg = Release|Any CPU
		{709C8A5E-B02F-4A29-A6EE-8534577076CD}.Release|Any CPU.Build.0 = Release|Any CPU
		{14F78B82-8D89-46F5-913A-DD27693588DB}.Debug|Any CPU.ActiveCfg = Debug|Any CPU
		{14F78B82-8D89-46F5-913A-DD27693588DB}.Debug|Any CPU.Build.0 = Debug|Any CPU
		{14F78B82-8D89-46F5-913A-DD27693588DB}.Release|Any CPU.ActiveCfg = Release|Any CPU
		{14F78B82-8D89-46F5-913A-DD27693588DB}.Release|Any CPU.Build.0 = Release|Any CPU
		{EDE525ED-851D-4AA2-8B8B-F37FAE19BA06}.Debug|Any CPU.ActiveCfg = Debug|Any CPU
		{EDE525ED-851D-4AA2-8B8B-F37FAE19BA06}.Debug|Any CPU.Build.0 = Debug|Any CPU
		{EDE525ED-851D-4AA2-8B8B-F37FAE19BA06}.Release|Any CPU.ActiveCfg = Release|Any CPU
		{EDE525ED-851D-4AA2-8B8B-F37FAE19BA06}.Release|Any CPU.Build.0 = Release|Any CPU
		{A67BAA20-FC71-4DD9-96CC-DDC3606A9A2D}.Debug|Any CPU.ActiveCfg = Debug|Any CPU
		{A67BAA20-FC71-4DD9-96CC-DDC3606A9A2D}.Debug|Any CPU.Build.0 = Debug|Any CPU
		{A67BAA20-FC71-4DD9-96CC-DDC3606A9A2D}.Release|Any CPU.ActiveCfg = Release|Any CPU
		{A67BAA20-FC71-4DD9-96CC-DDC3606A9A2D}.Release|Any CPU.Build.0 = Release|Any CPU
		{49B8E363-8B02-4CBA-9BE8-B7F7D40F5B89}.Debug|Any CPU.ActiveCfg = Debug|Any CPU
		{49B8E363-8B02-4CBA-9BE8-B7F7D40F5B89}.Debug|Any CPU.Build.0 = Debug|Any CPU
		{49B8E363-8B02-4CBA-9BE8-B7F7D40F5B89}.Release|Any CPU.ActiveCfg = Release|Any CPU
		{49B8E363-8B02-4CBA-9BE8-B7F7D40F5B89}.Release|Any CPU.Build.0 = Release|Any CPU
		{87EF8794-6AD4-4E08-B34D-B2BF21E9A658}.Debug|Any CPU.ActiveCfg = Debug|Any CPU
		{87EF8794-6AD4-4E08-B34D-B2BF21E9A658}.Debug|Any CPU.Build.0 = Debug|Any CPU
		{87EF8794-6AD4-4E08-B34D-B2BF21E9A658}.Release|Any CPU.ActiveCfg = Release|Any CPU
		{87EF8794-6AD4-4E08-B34D-B2BF21E9A658}.Release|Any CPU.Build.0 = Release|Any CPU
		{763D3B16-1626-4888-ADF4-BDDF8018D341}.Debug|Any CPU.ActiveCfg = Debug|Any CPU
		{763D3B16-1626-4888-ADF4-BDDF8018D341}.Debug|Any CPU.Build.0 = Debug|Any CPU
		{763D3B16-1626-4888-ADF4-BDDF8018D341}.Release|Any CPU.ActiveCfg = Release|Any CPU
		{763D3B16-1626-4888-ADF4-BDDF8018D341}.Release|Any CPU.Build.0 = Release|Any CPU
		{5D76E9DB-7C0A-4CEE-9AD0-9230FE74DB40}.Debug|Any CPU.ActiveCfg = Debug|Any CPU
		{5D76E9DB-7C0A-4CEE-9AD0-9230FE74DB40}.Debug|Any CPU.Build.0 = Debug|Any CPU
		{5D76E9DB-7C0A-4CEE-9AD0-9230FE74DB40}.Release|Any CPU.ActiveCfg = Release|Any CPU
		{5D76E9DB-7C0A-4CEE-9AD0-9230FE74DB40}.Release|Any CPU.Build.0 = Release|Any CPU
		{7676A25A-CAEC-408B-B092-C92A5FDAE194}.Debug|Any CPU.ActiveCfg = Debug|Any CPU
		{7676A25A-CAEC-408B-B092-C92A5FDAE194}.Debug|Any CPU.Build.0 = Debug|Any CPU
		{7676A25A-CAEC-408B-B092-C92A5FDAE194}.Release|Any CPU.ActiveCfg = Release|Any CPU
		{7676A25A-CAEC-408B-B092-C92A5FDAE194}.Release|Any CPU.Build.0 = Release|Any CPU
		{4F1AD150-5F33-4044-8BAC-BF7B76F7F021}.Debug|Any CPU.ActiveCfg = Debug|Any CPU
		{4F1AD150-5F33-4044-8BAC-BF7B76F7F021}.Debug|Any CPU.Build.0 = Debug|Any CPU
		{4F1AD150-5F33-4044-8BAC-BF7B76F7F021}.Release|Any CPU.ActiveCfg = Release|Any CPU
		{4F1AD150-5F33-4044-8BAC-BF7B76F7F021}.Release|Any CPU.Build.0 = Release|Any CPU
		{80A91BF7-5733-43BD-AED3-34C3368CFA38}.Debug|Any CPU.ActiveCfg = Debug|Any CPU
		{80A91BF7-5733-43BD-AED3-34C3368CFA38}.Debug|Any CPU.Build.0 = Debug|Any CPU
		{80A91BF7-5733-43BD-AED3-34C3368CFA38}.Release|Any CPU.ActiveCfg = Release|Any CPU
		{80A91BF7-5733-43BD-AED3-34C3368CFA38}.Release|Any CPU.Build.0 = Release|Any CPU
		{DFD91D46-0D1C-4F63-AEDC-A33C8E94AF6E}.Debug|Any CPU.ActiveCfg = Debug|Any CPU
		{DFD91D46-0D1C-4F63-AEDC-A33C8E94AF6E}.Debug|Any CPU.Build.0 = Debug|Any CPU
		{DFD91D46-0D1C-4F63-AEDC-A33C8E94AF6E}.Release|Any CPU.ActiveCfg = Release|Any CPU
		{DFD91D46-0D1C-4F63-AEDC-A33C8E94AF6E}.Release|Any CPU.Build.0 = Release|Any CPU
		{2FF4DD73-8A6A-4DA4-8599-3DE9FADE73A6}.Debug|Any CPU.ActiveCfg = Debug|Any CPU
		{2FF4DD73-8A6A-4DA4-8599-3DE9FADE73A6}.Debug|Any CPU.Build.0 = Debug|Any CPU
		{2FF4DD73-8A6A-4DA4-8599-3DE9FADE73A6}.Release|Any CPU.ActiveCfg = Release|Any CPU
		{2FF4DD73-8A6A-4DA4-8599-3DE9FADE73A6}.Release|Any CPU.Build.0 = Release|Any CPU
		{18AFBF4E-CD0E-4AD8-B05C-5331478430EE}.Debug|Any CPU.ActiveCfg = Debug|Any CPU
		{18AFBF4E-CD0E-4AD8-B05C-5331478430EE}.Debug|Any CPU.Build.0 = Debug|Any CPU
		{18AFBF4E-CD0E-4AD8-B05C-5331478430EE}.Release|Any CPU.ActiveCfg = Release|Any CPU
		{18AFBF4E-CD0E-4AD8-B05C-5331478430EE}.Release|Any CPU.Build.0 = Release|Any CPU
		{0CF2D3F9-3BAE-449B-99A3-A62CB07369F8}.Debug|Any CPU.ActiveCfg = Debug|Any CPU
		{0CF2D3F9-3BAE-449B-99A3-A62CB07369F8}.Debug|Any CPU.Build.0 = Debug|Any CPU
		{0CF2D3F9-3BAE-449B-99A3-A62CB07369F8}.Release|Any CPU.ActiveCfg = Release|Any CPU
		{0CF2D3F9-3BAE-449B-99A3-A62CB07369F8}.Release|Any CPU.Build.0 = Release|Any CPU
		{90AD7B8A-5F7E-456F-9C29-FBB7065009CF}.Debug|Any CPU.ActiveCfg = Debug|Any CPU
		{90AD7B8A-5F7E-456F-9C29-FBB7065009CF}.Debug|Any CPU.Build.0 = Debug|Any CPU
		{90AD7B8A-5F7E-456F-9C29-FBB7065009CF}.Release|Any CPU.ActiveCfg = Release|Any CPU
		{90AD7B8A-5F7E-456F-9C29-FBB7065009CF}.Release|Any CPU.Build.0 = Release|Any CPU
		{72394F23-C6AA-480C-94FD-09DBF9BD3A70}.Debug|Any CPU.ActiveCfg = Debug|Any CPU
		{72394F23-C6AA-480C-94FD-09DBF9BD3A70}.Debug|Any CPU.Build.0 = Debug|Any CPU
		{72394F23-C6AA-480C-94FD-09DBF9BD3A70}.Release|Any CPU.ActiveCfg = Release|Any CPU
		{72394F23-C6AA-480C-94FD-09DBF9BD3A70}.Release|Any CPU.Build.0 = Release|Any CPU
		{49DDCE34-C535-442F-B372-AEA15AA9B232}.Debug|Any CPU.ActiveCfg = Debug|Any CPU
		{49DDCE34-C535-442F-B372-AEA15AA9B232}.Debug|Any CPU.Build.0 = Debug|Any CPU
		{49DDCE34-C535-442F-B372-AEA15AA9B232}.Release|Any CPU.ActiveCfg = Release|Any CPU
		{49DDCE34-C535-442F-B372-AEA15AA9B232}.Release|Any CPU.Build.0 = Release|Any CPU
		{AA27D9AB-637D-458C-BBC3-3A4930043F38}.Debug|Any CPU.ActiveCfg = Debug|Any CPU
		{AA27D9AB-637D-458C-BBC3-3A4930043F38}.Debug|Any CPU.Build.0 = Debug|Any CPU
		{AA27D9AB-637D-458C-BBC3-3A4930043F38}.Release|Any CPU.ActiveCfg = Release|Any CPU
		{AA27D9AB-637D-458C-BBC3-3A4930043F38}.Release|Any CPU.Build.0 = Release|Any CPU
		{5B5DD8D5-5D60-4192-9201-E63210CB2BA7}.Debug|Any CPU.ActiveCfg = Debug|Any CPU
		{5B5DD8D5-5D60-4192-9201-E63210CB2BA7}.Debug|Any CPU.Build.0 = Debug|Any CPU
		{5B5DD8D5-5D60-4192-9201-E63210CB2BA7}.Release|Any CPU.ActiveCfg = Release|Any CPU
		{5B5DD8D5-5D60-4192-9201-E63210CB2BA7}.Release|Any CPU.Build.0 = Release|Any CPU
		{6B393D80-7DF3-44C9-81F6-345E7FBA2031}.Debug|Any CPU.ActiveCfg = Debug|Any CPU
		{6B393D80-7DF3-44C9-81F6-345E7FBA2031}.Debug|Any CPU.Build.0 = Debug|Any CPU
		{6B393D80-7DF3-44C9-81F6-345E7FBA2031}.Release|Any CPU.ActiveCfg = Release|Any CPU
		{6B393D80-7DF3-44C9-81F6-345E7FBA2031}.Release|Any CPU.Build.0 = Release|Any CPU
		{E2E294F7-0AE1-4E8B-AD79-338957098779}.Debug|Any CPU.ActiveCfg = Debug|Any CPU
		{E2E294F7-0AE1-4E8B-AD79-338957098779}.Debug|Any CPU.Build.0 = Debug|Any CPU
		{E2E294F7-0AE1-4E8B-AD79-338957098779}.Release|Any CPU.ActiveCfg = Release|Any CPU
		{E2E294F7-0AE1-4E8B-AD79-338957098779}.Release|Any CPU.Build.0 = Release|Any CPU
		{161B1631-9465-4A97-AA25-21C4CA2BAF15}.Debug|Any CPU.ActiveCfg = Debug|Any CPU
		{161B1631-9465-4A97-AA25-21C4CA2BAF15}.Debug|Any CPU.Build.0 = Debug|Any CPU
		{161B1631-9465-4A97-AA25-21C4CA2BAF15}.Release|Any CPU.ActiveCfg = Release|Any CPU
		{161B1631-9465-4A97-AA25-21C4CA2BAF15}.Release|Any CPU.Build.0 = Release|Any CPU
		{393022DD-D495-41F9-8E69-68110F832BA6}.Debug|Any CPU.ActiveCfg = Debug|Any CPU
		{393022DD-D495-41F9-8E69-68110F832BA6}.Debug|Any CPU.Build.0 = Debug|Any CPU
		{393022DD-D495-41F9-8E69-68110F832BA6}.Release|Any CPU.ActiveCfg = Release|Any CPU
		{393022DD-D495-41F9-8E69-68110F832BA6}.Release|Any CPU.Build.0 = Release|Any CPU
		{6ECC0741-8AFA-4339-9D55-65720545E15C}.Debug|Any CPU.ActiveCfg = Debug|Any CPU
		{6ECC0741-8AFA-4339-9D55-65720545E15C}.Debug|Any CPU.Build.0 = Debug|Any CPU
		{6ECC0741-8AFA-4339-9D55-65720545E15C}.Release|Any CPU.ActiveCfg = Release|Any CPU
		{6ECC0741-8AFA-4339-9D55-65720545E15C}.Release|Any CPU.Build.0 = Release|Any CPU
		{BCB82354-93FF-4D04-BB8A-F7FF53FE54CC}.Debug|Any CPU.ActiveCfg = Debug|Any CPU
		{BCB82354-93FF-4D04-BB8A-F7FF53FE54CC}.Debug|Any CPU.Build.0 = Debug|Any CPU
		{BCB82354-93FF-4D04-BB8A-F7FF53FE54CC}.Release|Any CPU.ActiveCfg = Release|Any CPU
		{BCB82354-93FF-4D04-BB8A-F7FF53FE54CC}.Release|Any CPU.Build.0 = Release|Any CPU
		{35340A6C-5AF1-4BBA-A59F-D1DDEEE6F2DB}.Debug|Any CPU.ActiveCfg = Debug|Any CPU
		{35340A6C-5AF1-4BBA-A59F-D1DDEEE6F2DB}.Debug|Any CPU.Build.0 = Debug|Any CPU
		{35340A6C-5AF1-4BBA-A59F-D1DDEEE6F2DB}.Release|Any CPU.ActiveCfg = Release|Any CPU
		{35340A6C-5AF1-4BBA-A59F-D1DDEEE6F2DB}.Release|Any CPU.Build.0 = Release|Any CPU
		{B03FAFA3-CC4C-43C4-8ECF-FC71CF6157CC}.Debug|Any CPU.ActiveCfg = Debug|Any CPU
		{B03FAFA3-CC4C-43C4-8ECF-FC71CF6157CC}.Debug|Any CPU.Build.0 = Debug|Any CPU
		{B03FAFA3-CC4C-43C4-8ECF-FC71CF6157CC}.Release|Any CPU.ActiveCfg = Release|Any CPU
		{B03FAFA3-CC4C-43C4-8ECF-FC71CF6157CC}.Release|Any CPU.Build.0 = Release|Any CPU
		{1F8BD0D4-ECA1-4AA6-9E53-ACFF22215D72}.Debug|Any CPU.ActiveCfg = Debug|Any CPU
		{1F8BD0D4-ECA1-4AA6-9E53-ACFF22215D72}.Debug|Any CPU.Build.0 = Debug|Any CPU
		{1F8BD0D4-ECA1-4AA6-9E53-ACFF22215D72}.Release|Any CPU.ActiveCfg = Release|Any CPU
		{1F8BD0D4-ECA1-4AA6-9E53-ACFF22215D72}.Release|Any CPU.Build.0 = Release|Any CPU
	EndGlobalSection
	GlobalSection(SolutionProperties) = preSolution
		HideSolutionNode = FALSE
	EndGlobalSection
	GlobalSection(ExtensibilityGlobals) = postSolution
		SolutionGuid = {C24B23BA-6C5E-45FD-BC3A-11CD47FEC255}
	EndGlobalSection
EndGlobal
